# THIS IS AN AUTOGENERATED FILE. DO NOT EDIT THIS FILE DIRECTLY.
# yarn lockfile v1


"@jsquash/avif@file:../../packages/avif/dist":
  version "1.1.4"
  dependencies:
    wasm-feature-detect "^1.2.11"

"@jsquash/jpeg@file:../../packages/jpeg/dist":
  version "1.1.4"

"@jsquash/png@file:../../packages/png/dist":
  version "2.0.0"
  dependencies:
    wasm-feature-detect "^1.2.11"

"@jsquash/webp@file:../../packages/webp/dist":
  version "1.1.2"
  dependencies:
    wasm-feature-detect "^1.2.11"

"@rollup/plugin-node-resolve@^13.0.6":
  version "13.0.6"
  resolved "https://registry.yarnpkg.com/@rollup/plugin-node-resolve/-/plugin-node-resolve-13.0.6.tgz#29629070bb767567be8157f575cfa8f2b8e9ef77"
  integrity sha512-sFsPDMPd4gMqnh2gS0uIxELnoRUp5kBl5knxD2EO0778G1oOJv4G1vyT2cpWz75OU2jDVcXhjVUuTAczGyFNKA==
  dependencies:
    "@rollup/pluginutils" "^3.1.0"
    "@types/resolve" "1.17.1"
    builtin-modules "^3.1.0"
    deepmerge "^4.2.2"
    is-module "^1.0.0"
    resolve "^1.19.0"

"@rollup/pluginutils@^3.1.0":
  version "3.1.0"
  resolved "https://registry.yarnpkg.com/@rollup/pluginutils/-/pluginutils-3.1.0.tgz#706b4524ee6dc8b103b3c995533e5ad680c02b9b"
  integrity sha512-GksZ6pr6TpIjHm8h9lSQ8pi8BE9VeubNT0OMJ3B5uZJ8pz73NPiqOtCog/x2/QzM1ENChPKxMDhiQuRHsqc+lg==
  dependencies:
    "@types/estree" "0.0.39"
    estree-walker "^1.0.1"
    picomatch "^2.2.2"

"@rollup/pluginutils@^4.1.0":
  version "4.1.1"
  resolved "https://registry.yarnpkg.com/@rollup/pluginutils/-/pluginutils-4.1.1.tgz#1d4da86dd4eded15656a57d933fda2b9a08d47ec"
  integrity sha512-clDjivHqWGXi7u+0d2r2sBi4Ie6VLEAzWMIkvJLnDmxoOhBYOTfzGbOQBA32THHm11/LiJbd01tJUpJsbshSWQ==
  dependencies:
    estree-walker "^2.0.1"
    picomatch "^2.2.2"

"@types/estree@0.0.39":
  version "0.0.39"
  resolved "https://registry.yarnpkg.com/@types/estree/-/estree-0.0.39.tgz#e177e699ee1b8c22d23174caaa7422644389509f"
  integrity sha512-EYNwp3bU+98cpU4lAWYYL7Zz+2gryWH1qbdDTidVd6hkiR6weksdbMadyXKXNPEkQFhXM+hVO9ZygomHXp+AIw==

"@types/node@*":
  version "16.11.9"
  resolved "https://registry.yarnpkg.com/@types/node/-/node-16.11.9.tgz#879be3ad7af29f4c1a5c433421bf99fab7047185"
  integrity sha512-MKmdASMf3LtPzwLyRrFjtFFZ48cMf8jmX5VRYrDQiJa8Ybu5VAmkqBWqKU8fdCwD8ysw4mQ9nrEHvzg6gunR7A==

"@types/resolve@1.17.1":
  version "1.17.1"
  resolved "https://registry.yarnpkg.com/@types/resolve/-/resolve-1.17.1.tgz#3afd6ad8967c77e4376c598a82ddd58f46ec45d6"
  integrity sha512-yy7HuzQhj0dhGpD8RLXSZWEkLsV9ibvxvi6EiJ3bkqLAO1RGo0WbkWQiwpRlSFymTJRz0d3k5LM3kkx8ArDbLw==
  dependencies:
    "@types/node" "*"

"@web/rollup-plugin-import-meta-assets@^1.0.7":
  version "1.0.7"
  resolved "https://registry.yarnpkg.com/@web/rollup-plugin-import-meta-assets/-/rollup-plugin-import-meta-assets-1.0.7.tgz#7048f717e2218a22af547371ffafdc4f534a2eea"
  integrity sha512-ft44CqITUkNd8stwNb4ZOvrZ8DlPifM821jplksmxRGetg5Lx684oFrpfQJ7mfkU/Sa7B3dI1mHTX0DE52eBwg==
  dependencies:
    "@rollup/pluginutils" "^4.1.0"
    estree-walker "^2.0.2"
    magic-string "^0.25.7"

builtin-modules@^3.1.0:
  version "3.2.0"
  resolved "https://registry.yarnpkg.com/builtin-modules/-/builtin-modules-3.2.0.tgz#45d5db99e7ee5e6bc4f362e008bf917ab5049887"
  integrity sha512-lGzLKcioL90C7wMczpkY0n/oART3MbBa8R9OFGE1rJxoVI86u4WAGfEk8Wjv10eKSyTHVGkSo3bvBylCEtk7LA==

deepmerge@^4.2.2:
  version "4.2.2"
  resolved "https://registry.yarnpkg.com/deepmerge/-/deepmerge-4.2.2.tgz#44d2ea3679b8f4d4ffba33f03d865fc1e7bf4955"
  integrity sha512-FJ3UgI4gIl+PHZm53knsuSFpE+nESMr7M4v9QcgB7S63Kj/6WqMiFQJpBBYz1Pt+66bZpP3Q7Lye0Oo9MPKEdg==

estree-walker@^1.0.1:
  version "1.0.1"
  resolved "https://registry.yarnpkg.com/estree-walker/-/estree-walker-1.0.1.tgz#31bc5d612c96b704106b477e6dd5d8aa138cb700"
  integrity sha512-1fMXF3YP4pZZVozF8j/ZLfvnR8NSIljt56UhbZ5PeeDmmGHpgpdwQt7ITlGvYaQukCvuBRMLEiKiYC+oeIg4cg==

estree-walker@^2.0.1, estree-walker@^2.0.2:
  version "2.0.2"
  resolved "https://registry.yarnpkg.com/estree-walker/-/estree-walker-2.0.2.tgz#52f010178c2a4c117a7757cfe942adb7d2da4cac"
  integrity sha512-Rfkk/Mp/DL7JVje3u18FxFujQlTNR2q6QfMSMB7AvCBx91NGj/ba3kCfza0f6dVDbw7YlRf/nDrn7pQrCCyQ/w==

fsevents@~2.3.2:
  version "2.3.2"
  resolved "https://registry.yarnpkg.com/fsevents/-/fsevents-2.3.2.tgz#8a526f78b8fdf4623b709e0b975c52c24c02fd1a"
  integrity sha512-xiqMQR4xAeHTuB9uWm+fFRcIOgKBMiOBP+eXiyT7jsgVCq1bkVygt00oASowB7EdtpOHaaPgKt812P9ab+DDKA==

function-bind@^1.1.1:
  version "1.1.1"
  resolved "https://registry.yarnpkg.com/function-bind/-/function-bind-1.1.1.tgz#a56899d3ea3c9bab874bb9773b7c5ede92f4895d"
  integrity sha512-yIovAzMX49sF8Yl58fSCWJ5svSLuaibPxXQJFLmBObTuCr0Mf1KiPopGM9NiFjiYBCbfaa2Fh6breQ6ANVTI0A==

has@^1.0.3:
  version "1.0.3"
  resolved "https://registry.yarnpkg.com/has/-/has-1.0.3.tgz#722d7cbfc1f6aa8241f16dd814e011e1f41e8796"
  integrity sha512-f2dvO0VU6Oej7RkWJGrehjbzMAjFp5/VKPp5tTpWIV4JHHZK1/BxbFRtf/siA2SWTe09caDmVtYYzWEIbBS4zw==
  dependencies:
    function-bind "^1.1.1"

is-core-module@^2.2.0:
  version "2.8.0"
  resolved "https://registry.yarnpkg.com/is-core-module/-/is-core-module-2.8.0.tgz#0321336c3d0925e497fd97f5d95cb114a5ccd548"
  integrity sha512-vd15qHsaqrRL7dtH6QNuy0ndJmRDrS9HAM1CAiSifNUFv4x1a0CCVsj18hJ1mShxIG6T2i1sO78MkP56r0nYRw==
  dependencies:
    has "^1.0.3"

is-module@^1.0.0:
  version "1.0.0"
  resolved "https://registry.yarnpkg.com/is-module/-/is-module-1.0.0.tgz#3258fb69f78c14d5b815d664336b4cffb6441591"
  integrity sha1-Mlj7afeMFNW4FdZkM2tM/7ZEFZE=

magic-string@^0.25.7:
  version "0.25.7"
  resolved "https://registry.yarnpkg.com/magic-string/-/magic-string-0.25.7.tgz#3f497d6fd34c669c6798dcb821f2ef31f5445051"
  integrity sha512-4CrMT5DOHTDk4HYDlzmwu4FVCcIYI8gauveasrdCu2IKIFOJ3f0v/8MDGJCDL9oD2ppz/Av1b0Nj345H9M+XIA==
  dependencies:
    sourcemap-codec "^1.4.4"

mime@>=2.4.6:
  version "3.0.0"
  resolved "https://registry.yarnpkg.com/mime/-/mime-3.0.0.tgz#b374550dca3a0c18443b0c950a6a58f1931cf7a7"
  integrity sha512-jSCU7/VB1loIWBZe14aEYHU/+1UMEHoaO7qxCOVJOw9GgH72VAWppxNcjU+x9a2k3GSIBXNKxXQFqRvvZ7vr3A==

opener@1:
  version "1.5.2"
  resolved "https://registry.yarnpkg.com/opener/-/opener-1.5.2.tgz#5d37e1f35077b9dcac4301372271afdeb2a13598"
  integrity sha512-ur5UIdyw5Y7yEj9wLzhqXiy6GZ3Mwx0yGI+5sMn2r0N0v3cKJvUmFH5yPP+WXh9e0xfyzyJX95D8l088DNFj7A==

path-parse@^1.0.6:
  version "1.0.7"
  resolved "https://registry.yarnpkg.com/path-parse/-/path-parse-1.0.7.tgz#fbc114b60ca42b30d9daf5858e4bd68bbedb6735"
  integrity sha512-LDJzPVEEEPR+y48z93A0Ed0yXb8pAByGWo/k5YYdYgpY2/2EsOsksJrq7lOHxryrVOn1ejG6oAp8ahvOIQD8sw==

picomatch@^2.2.2:
  version "2.3.0"
  resolved "https://registry.yarnpkg.com/picomatch/-/picomatch-2.3.0.tgz#f1f061de8f6a4bf022892e2d128234fb98302972"
  integrity sha512-lY1Q/PiJGC2zOv/z391WOTD+Z02bCgsFfvxoXXf6h7kv9o+WmsmzYqrAwY63sNgOxE4xEdq0WyUnXfKeBrSvYw==

resolve@^1.19.0:
  version "1.20.0"
  resolved "https://registry.yarnpkg.com/resolve/-/resolve-1.20.0.tgz#629a013fb3f70755d6f0b7935cc1c2c5378b1975"
  integrity sha512-wENBPt4ySzg4ybFQW2TT1zMQucPK95HSh/nq2CFTZVOGut2+pQvSsgtda4d26YrYcr067wjbmzOG8byDPBX63A==
  dependencies:
    is-core-module "^2.2.0"
    path-parse "^1.0.6"

rollup-plugin-serve@^1.1.0:
  version "1.1.0"
  resolved "https://registry.yarnpkg.com/rollup-plugin-serve/-/rollup-plugin-serve-1.1.0.tgz#0654a57021a21b903340c69940f7463706e8288d"
  integrity sha512-pYkSsuA0/psKqhhictkJw1c2klya5b+LlCvipWqI9OE1aG2M97mRumZCbBlry5CMEOzYBBgSDgd1694sNbmyIw==
  dependencies:
    mime ">=2.4.6"
    opener "1"

rollup@^2.60.0:
  version "2.60.0"
  resolved "https://registry.yarnpkg.com/rollup/-/rollup-2.60.0.tgz#4ee60ab7bdd0356763f87d7099f413e5460fc193"
  integrity sha512-cHdv9GWd58v58rdseC8e8XIaPUo8a9cgZpnCMMDGZFDZKEODOiPPEQFXLriWr/TjXzhPPmG5bkAztPsOARIcGQ==
  optionalDependencies:
    fsevents "~2.3.2"

sourcemap-codec@^1.4.4:
  version "1.4.8"
  resolved "https://registry.yarnpkg.com/sourcemap-codec/-/sourcemap-codec-1.4.8.tgz#ea804bd94857402e6992d05a38ef1ae35a9ab4c4"
  integrity sha512-9NykojV5Uih4lgo5So5dtw+f0JgJX30KCNI8gwhz2J9A15wD0Ml6tjHKwf6fTSa6fAdVBdZeNOs9eJ71qCk8vA==

wasm-feature-detect@^1.2.11:
  version "1.2.11"
  resolved "https://registry.yarnpkg.com/wasm-feature-detect/-/wasm-feature-detect-1.2.11.tgz#e21992fd1f1d41a47490e392a5893cb39d81e29e"
  integrity sha512-HUqwaodrQGaZgz1lZaNioIkog9tkeEJjrM3eq4aUL04whXOVDRc/o2EGb/8kV0QX411iAYWEqq7fMBmJ6dKS6w==
